{
  "version": 4,
  "terraform_version": "1.12.2",
  "serial": 32,
  "lineage": "f53647ba-4c24-6c35-086d-95082b4c09d7",
  "outputs": {},
  "resources": [
    {
      "module": "module.vm",
      "mode": "data",
      "type": "azurerm_network_security_group",
      "name": "tf-nsg1",
      "provider": "provider[\"registry.terraform.io/hashicorp/azurerm\"]",
      "instances": [
        {
          "schema_version": 0,
          "attributes": {
            "id": "/subscriptions/d9ec7bf9-5100-46c2-8b9c-65cbae08beca/resourceGroups/dev-rg1/providers/Microsoft.Network/networkSecurityGroups/dev-nsg",
            "location": "southeastasia",
            "name": "dev-nsg",
            "resource_group_name": "dev-rg1",
            "security_rule": [
              {
                "access": "Allow",
                "description": "",
                "destination_address_prefix": "*",
                "destination_address_prefixes": [],
                "destination_application_security_group_ids": [],
                "destination_port_range": "*",
                "destination_port_ranges": [],
                "direction": "Inbound",
                "name": "dev-sg",
                "priority": 100,
                "protocol": "Tcp",
                "source_address_prefix": "*",
                "source_address_prefixes": [],
                "source_application_security_group_ids": [],
                "source_port_range": "*",
                "source_port_ranges": []
              }
            ],
            "tags": {
              "environment": "dev"
            },
            "timeouts": null
          },
          "sensitive_attributes": [],
          "identity_schema_version": 0
        }
      ]
    },
    {
      "module": "module.vm",
      "mode": "data",
      "type": "azurerm_resource_group",
      "name": "tf-rg1",
      "provider": "provider[\"registry.terraform.io/hashicorp/azurerm\"]",
      "instances": [
        {
          "schema_version": 0,
          "attributes": {
            "id": "/subscriptions/d9ec7bf9-5100-46c2-8b9c-65cbae08beca/resourceGroups/dev-rg1",
            "location": "southeastasia",
            "name": "dev-rg1",
            "tags": {
              "environment": "dev"
            },
            "timeouts": null
          },
          "sensitive_attributes": [],
          "identity_schema_version": 0
        }
      ]
    },
    {
      "module": "module.vm",
      "mode": "data",
      "type": "azurerm_subnet",
      "name": "tf-subnet1",
      "provider": "provider[\"registry.terraform.io/hashicorp/azurerm\"]",
      "instances": [
        {
          "schema_version": 0,
          "attributes": {
            "address_prefix": "10.123.1.0/24",
            "address_prefixes": [
              "10.123.1.0/24"
            ],
            "enforce_private_link_endpoint_network_policies": false,
            "enforce_private_link_service_network_policies": false,
            "id": "/subscriptions/d9ec7bf9-5100-46c2-8b9c-65cbae08beca/resourceGroups/dev-rg1/providers/Microsoft.Network/virtualNetworks/dev-vnet/subnets/dev-subnet",
            "name": "dev-subnet",
            "network_security_group_id": "/subscriptions/d9ec7bf9-5100-46c2-8b9c-65cbae08beca/resourceGroups/dev-rg1/providers/Microsoft.Network/networkSecurityGroups/dev-nsg",
            "resource_group_name": "dev-rg1",
            "route_table_id": "",
            "service_endpoints": [],
            "timeouts": null,
            "virtual_network_name": "dev-vnet"
          },
          "sensitive_attributes": [],
          "identity_schema_version": 0
        }
      ]
    },
    {
      "module": "module.vm",
      "mode": "data",
      "type": "azurerm_virtual_network",
      "name": "tf-vnet1",
      "provider": "provider[\"registry.terraform.io/hashicorp/azurerm\"]",
      "instances": [
        {
          "schema_version": 0,
          "attributes": {
            "address_space": [
              "10.123.0.0/16"
            ],
            "dns_servers": [],
            "guid": "50a80e74-cb17-4d77-b857-b41f8d9a0610",
            "id": "/subscriptions/d9ec7bf9-5100-46c2-8b9c-65cbae08beca/resourceGroups/dev-rg1/providers/Microsoft.Network/virtualNetworks/dev-vnet",
            "location": "southeastasia",
            "name": "dev-vnet",
            "resource_group_name": "dev-rg1",
            "subnets": [
              "dev-subnet"
            ],
            "tags": {
              "environment": "dev"
            },
            "timeouts": null,
            "vnet_peerings": {},
            "vnet_peerings_addresses": []
          },
          "sensitive_attributes": [],
          "identity_schema_version": 0
        }
      ]
    },
    {
      "module": "module.vm",
      "mode": "managed",
      "type": "azurerm_linux_virtual_machine",
      "name": "tf-vms",
      "provider": "provider[\"registry.terraform.io/hashicorp/azurerm\"]",
      "instances": [
        {
          "index_key": "707",
          "schema_version": 0,
          "attributes": {
            "additional_capabilities": [],
            "admin_password": null,
            "admin_ssh_key": [
              {
                "public_key": "ssh-rsa AAAAB3NzaC1yc2EAAAADAQABAAABgQCxqUp5j9N3fjbkBmjN07qdOba46HjhszlVRNr5OoRWinKx2UkGjVuvxFc9w2WV1xsS40vAygnXt77o/wq2U5XG7s7BM5hWSI22LZ5FgLF/1T4gjOj3ppE/h74Ws7777puE2oz9z7xBQzLn09qPHqEgyMsbkH7l34l1X5S3snLf67SoeCPi5lny/aM1F0D5BuM2I278cLWAwLW3eaDH6v3eGGT00y51ZpnCH3prkrRx21Sqm/CdYJEFcOBeaB6xEOznYL9SY7Bm6QYmHM2XdrZb7WBM+OfjaS2WiGYSTeQE9AYiR8V+EQBmlRMHRCXYa6JUmrYM8CsqIkQsH99RBlE+1gCvw+rBaKHZwjzeTOd7zUAU745ucRvmzc1V1pqh0D2/u4M9lpbVpoCtAXaId61dS9SXejlLF3EhAuiPwRqu2gE1lA24FFr+f446fJ95WDbkN5Lo81jnLhhFAUSXagyxZtaHGsUEsV41ybFux3+/oglix/V0TN4B7/6j2yAX4NE= ayecr@Adrian-Computer\r\n",
                "username": "adminuser"
              }
            ],
            "admin_username": "adminuser",
            "allow_extension_operations": true,
            "availability_set_id": "",
            "boot_diagnostics": [],
            "computer_name": "dev1",
            "custom_data": null,
            "dedicated_host_group_id": "",
            "dedicated_host_id": "",
            "disable_password_authentication": true,
            "edge_zone": "",
            "encryption_at_host_enabled": false,
            "eviction_policy": "",
            "extensions_time_budget": "PT1H30M",
            "id": "/subscriptions/d9ec7bf9-5100-46c2-8b9c-65cbae08beca/resourceGroups/dev-rg1/providers/Microsoft.Compute/virtualMachines/dev1",
            "identity": [],
            "license_type": "",
            "location": "southeastasia",
            "max_bid_price": -1,
            "name": "dev1",
            "network_interface_ids": [
              "/subscriptions/d9ec7bf9-5100-46c2-8b9c-65cbae08beca/resourceGroups/dev-rg1/providers/Microsoft.Network/networkInterfaces/dev1-nic"
            ],
            "os_disk": [
              {
                "caching": "ReadWrite",
                "diff_disk_settings": [],
                "disk_encryption_set_id": "",
                "disk_size_gb": 30,
                "name": "dev1_OsDisk_1_d9912bc7886447b6854508138f367602",
                "storage_account_type": "Standard_LRS",
                "write_accelerator_enabled": false
              }
            ],
            "patch_mode": "ImageDefault",
            "plan": [],
            "platform_fault_domain": -1,
            "priority": "Regular",
            "private_ip_address": "10.123.1.5",
            "private_ip_addresses": [
              "10.123.1.5"
            ],
            "provision_vm_agent": true,
            "proximity_placement_group_id": "",
            "public_ip_address": "",
            "public_ip_addresses": [],
            "resource_group_name": "dev-rg1",
            "secret": [],
            "secure_boot_enabled": false,
            "size": "Standard_B1s",
            "source_image_id": "",
            "source_image_reference": [
              {
                "offer": "UbuntuServer",
                "publisher": "Canonical",
                "sku": "18.04-LTS",
                "version": "latest"
              }
            ],
            "tags": {
              "env": "dev",
              "owner": "Adrian Mendoza"
            },
            "termination_notification": null,
            "timeouts": null,
            "user_data": "",
            "virtual_machine_id": "2ddaadf2-17d4-4e54-a285-96f517eb769e",
            "virtual_machine_scale_set_id": "",
            "vtpm_enabled": false,
            "zone": ""
          },
          "sensitive_attributes": [
            [
              {
                "type": "get_attr",
                "value": "admin_password"
              }
            ],
            [
              {
                "type": "get_attr",
                "value": "custom_data"
              }
            ]
          ],
          "identity_schema_version": 0,
          "private": "eyJlMmJmYjczMC1lY2FhLTExZTYtOGY4OC0zNDM2M2JjN2M0YzAiOnsiY3JlYXRlIjoyNzAwMDAwMDAwMDAwLCJkZWxldGUiOjI3MDAwMDAwMDAwMDAsInJlYWQiOjMwMDAwMDAwMDAwMCwidXBkYXRlIjoyNzAwMDAwMDAwMDAwfX0=",
          "dependencies": [
            "module.vm.azurerm_network_interface.tf-nic1",
            "module.vm.data.azurerm_resource_group.tf-rg1",
            "module.vm.data.azurerm_subnet.tf-subnet1"
          ]
        },
        {
          "index_key": "708",
          "schema_version": 0,
          "attributes": {
            "additional_capabilities": [],
            "admin_password": null,
            "admin_ssh_key": [
              {
                "public_key": "ssh-rsa AAAAB3NzaC1yc2EAAAADAQABAAABgQCxqUp5j9N3fjbkBmjN07qdOba46HjhszlVRNr5OoRWinKx2UkGjVuvxFc9w2WV1xsS40vAygnXt77o/wq2U5XG7s7BM5hWSI22LZ5FgLF/1T4gjOj3ppE/h74Ws7777puE2oz9z7xBQzLn09qPHqEgyMsbkH7l34l1X5S3snLf67SoeCPi5lny/aM1F0D5BuM2I278cLWAwLW3eaDH6v3eGGT00y51ZpnCH3prkrRx21Sqm/CdYJEFcOBeaB6xEOznYL9SY7Bm6QYmHM2XdrZb7WBM+OfjaS2WiGYSTeQE9AYiR8V+EQBmlRMHRCXYa6JUmrYM8CsqIkQsH99RBlE+1gCvw+rBaKHZwjzeTOd7zUAU745ucRvmzc1V1pqh0D2/u4M9lpbVpoCtAXaId61dS9SXejlLF3EhAuiPwRqu2gE1lA24FFr+f446fJ95WDbkN5Lo81jnLhhFAUSXagyxZtaHGsUEsV41ybFux3+/oglix/V0TN4B7/6j2yAX4NE= ayecr@Adrian-Computer\r\n",
                "username": "adminuser"
              }
            ],
            "admin_username": "adminuser",
            "allow_extension_operations": true,
            "availability_set_id": "",
            "boot_diagnostics": [],
            "computer_name": "dev2",
            "custom_data": null,
            "dedicated_host_group_id": "",
            "dedicated_host_id": "",
            "disable_password_authentication": true,
            "edge_zone": "",
            "encryption_at_host_enabled": false,
            "eviction_policy": "",
            "extensions_time_budget": "PT1H30M",
            "id": "/subscriptions/d9ec7bf9-5100-46c2-8b9c-65cbae08beca/resourceGroups/dev-rg1/providers/Microsoft.Compute/virtualMachines/dev2",
            "identity": [],
            "license_type": "",
            "location": "southeastasia",
            "max_bid_price": -1,
            "name": "dev2",
            "network_interface_ids": [
              "/subscriptions/d9ec7bf9-5100-46c2-8b9c-65cbae08beca/resourceGroups/dev-rg1/providers/Microsoft.Network/networkInterfaces/dev2-nic"
            ],
            "os_disk": [
              {
                "caching": "ReadWrite",
                "diff_disk_settings": [],
                "disk_encryption_set_id": "",
                "disk_size_gb": 30,
                "name": "dev2_OsDisk_1_4d2c3685f2be4aa580b7f106925bfeb4",
                "storage_account_type": "Standard_LRS",
                "write_accelerator_enabled": false
              }
            ],
            "patch_mode": "ImageDefault",
            "plan": [],
            "platform_fault_domain": -1,
            "priority": "Regular",
            "private_ip_address": "10.123.1.6",
            "private_ip_addresses": [
              "10.123.1.6"
            ],
            "provision_vm_agent": true,
            "proximity_placement_group_id": "",
            "public_ip_address": "",
            "public_ip_addresses": [],
            "resource_group_name": "dev-rg1",
            "secret": [],
            "secure_boot_enabled": false,
            "size": "Standard_B1s",
            "source_image_id": "",
            "source_image_reference": [
              {
                "offer": "UbuntuServer",
                "publisher": "Canonical",
                "sku": "18.04-LTS",
                "version": "latest"
              }
            ],
            "tags": {
              "env": "dev",
              "owner": "Adrian Mendoza"
            },
            "termination_notification": null,
            "timeouts": null,
            "user_data": "",
            "virtual_machine_id": "0803b5c4-ef41-4282-9c1c-4d8c46e4091d",
            "virtual_machine_scale_set_id": "",
            "vtpm_enabled": false,
            "zone": ""
          },
          "sensitive_attributes": [
            [
              {
                "type": "get_attr",
                "value": "admin_password"
              }
            ],
            [
              {
                "type": "get_attr",
                "value": "custom_data"
              }
            ]
          ],
          "identity_schema_version": 0,
          "private": "eyJlMmJmYjczMC1lY2FhLTExZTYtOGY4OC0zNDM2M2JjN2M0YzAiOnsiY3JlYXRlIjoyNzAwMDAwMDAwMDAwLCJkZWxldGUiOjI3MDAwMDAwMDAwMDAsInJlYWQiOjMwMDAwMDAwMDAwMCwidXBkYXRlIjoyNzAwMDAwMDAwMDAwfX0=",
          "dependencies": [
            "module.vm.azurerm_network_interface.tf-nic1",
            "module.vm.data.azurerm_resource_group.tf-rg1",
            "module.vm.data.azurerm_subnet.tf-subnet1"
          ]
        }
      ]
    },
    {
      "module": "module.vm",
      "mode": "managed",
      "type": "azurerm_network_interface",
      "name": "tf-nic1",
      "provider": "provider[\"registry.terraform.io/hashicorp/azurerm\"]",
      "instances": [
        {
          "index_key": "707",
          "schema_version": 0,
          "attributes": {
            "applied_dns_servers": [],
            "dns_servers": [],
            "edge_zone": "",
            "enable_accelerated_networking": false,
            "enable_ip_forwarding": false,
            "id": "/subscriptions/d9ec7bf9-5100-46c2-8b9c-65cbae08beca/resourceGroups/dev-rg1/providers/Microsoft.Network/networkInterfaces/dev1-nic",
            "internal_dns_name_label": "",
            "internal_domain_name_suffix": "oqhkquaxzn1u1ocxwqpy1gqgca.ix.internal.cloudapp.net",
            "ip_configuration": [
              {
                "gateway_load_balancer_frontend_ip_configuration_id": "",
                "name": "dev1-ipconfig",
                "primary": true,
                "private_ip_address": "10.123.1.5",
                "private_ip_address_allocation": "Static",
                "private_ip_address_version": "IPv4",
                "public_ip_address_id": "",
                "subnet_id": "/subscriptions/d9ec7bf9-5100-46c2-8b9c-65cbae08beca/resourceGroups/dev-rg1/providers/Microsoft.Network/virtualNetworks/dev-vnet/subnets/dev-subnet"
              }
            ],
            "location": "southeastasia",
            "mac_address": "",
            "name": "dev1-nic",
            "private_ip_address": "10.123.1.5",
            "private_ip_addresses": [
              "10.123.1.5"
            ],
            "resource_group_name": "dev-rg1",
            "tags": {
              "env": "dev",
              "owner": "Adrian Mendoza"
            },
            "timeouts": null,
            "virtual_machine_id": ""
          },
          "sensitive_attributes": [],
          "identity_schema_version": 0,
          "private": "eyJlMmJmYjczMC1lY2FhLTExZTYtOGY4OC0zNDM2M2JjN2M0YzAiOnsiY3JlYXRlIjoxODAwMDAwMDAwMDAwLCJkZWxldGUiOjE4MDAwMDAwMDAwMDAsInJlYWQiOjMwMDAwMDAwMDAwMCwidXBkYXRlIjoxODAwMDAwMDAwMDAwfX0=",
          "dependencies": [
            "module.vm.data.azurerm_resource_group.tf-rg1",
            "module.vm.data.azurerm_subnet.tf-subnet1"
          ]
        },
        {
          "index_key": "708",
          "schema_version": 0,
          "attributes": {
            "applied_dns_servers": [],
            "dns_servers": [],
            "edge_zone": "",
            "enable_accelerated_networking": false,
            "enable_ip_forwarding": false,
            "id": "/subscriptions/d9ec7bf9-5100-46c2-8b9c-65cbae08beca/resourceGroups/dev-rg1/providers/Microsoft.Network/networkInterfaces/dev2-nic",
            "internal_dns_name_label": "",
            "internal_domain_name_suffix": "oqhkquaxzn1u1ocxwqpy1gqgca.ix.internal.cloudapp.net",
            "ip_configuration": [
              {
                "gateway_load_balancer_frontend_ip_configuration_id": "",
                "name": "dev2-ipconfig",
                "primary": true,
                "private_ip_address": "10.123.1.6",
                "private_ip_address_allocation": "Static",
                "private_ip_address_version": "IPv4",
                "public_ip_address_id": "",
                "subnet_id": "/subscriptions/d9ec7bf9-5100-46c2-8b9c-65cbae08beca/resourceGroups/dev-rg1/providers/Microsoft.Network/virtualNetworks/dev-vnet/subnets/dev-subnet"
              }
            ],
            "location": "southeastasia",
            "mac_address": "",
            "name": "dev2-nic",
            "private_ip_address": "10.123.1.6",
            "private_ip_addresses": [
              "10.123.1.6"
            ],
            "resource_group_name": "dev-rg1",
            "tags": {
              "env": "dev",
              "owner": "Adrian Mendoza"
            },
            "timeouts": null,
            "virtual_machine_id": ""
          },
          "sensitive_attributes": [],
          "identity_schema_version": 0,
          "private": "eyJlMmJmYjczMC1lY2FhLTExZTYtOGY4OC0zNDM2M2JjN2M0YzAiOnsiY3JlYXRlIjoxODAwMDAwMDAwMDAwLCJkZWxldGUiOjE4MDAwMDAwMDAwMDAsInJlYWQiOjMwMDAwMDAwMDAwMCwidXBkYXRlIjoxODAwMDAwMDAwMDAwfX0=",
          "dependencies": [
            "module.vm.data.azurerm_resource_group.tf-rg1",
            "module.vm.data.azurerm_subnet.tf-subnet1"
          ]
        }
      ]
    }
  ],
  "check_results": null
}
